{
  "version": 4,
  "terraform_version": "1.11.2",
  "serial": 1,
  "lineage": "de097d35-8a0b-207e-7c12-80d684bff979",
  "outputs": {},
  "resources": [
    {
      "mode": "managed",
      "type": "spotify_playlist",
      "name": "Punjabi",
      "provider": "provider[\"registry.terraform.io/conradludgate/spotify\"]",
      "instances": [
        {
          "schema_version": 0,
          "attributes": {
            "description": null,
            "id": "1BUhgnmDv5zxup7RlC42QI",
            "name": "Punjabi",
            "public": true,
            "snapshot_id": "AAAAAodYCLI4tYr3OCvVJVAv4htmyhKW",
            "tracks": [
              "7uSpLsbpnwk0XTC1nLlpG2"
            ]
          },
          "sensitive_attributes": [],
          "private": "bnVsbA=="
        }
      ]
    }
  ],
  "check_results": null
}
